// !$*UTF8*$!
{
	archiveVersion = 1;
	classes = {
	};
	objectVersion = 46;
	objects = {

/* Begin PBXBuildFile section */
		3EE7690C1A8F6B7B00400474 /* AppDelegate.swift in Sources */ = {isa = PBXBuildFile; fileRef = 3EE7690B1A8F6B7B00400474 /* AppDelegate.swift */; };
		3EE7690E1A8F6B7B00400474 /* ViewController.swift in Sources */ = {isa = PBXBuildFile; fileRef = 3EE7690D1A8F6B7B00400474 /* ViewController.swift */; };
		3EE769111A8F6B7B00400474 /* Main.storyboard in Resources */ = {isa = PBXBuildFile; fileRef = 3EE7690F1A8F6B7B00400474 /* Main.storyboard */; };
		3EE769131A8F6B7B00400474 /* Images.xcassets in Resources */ = {isa = PBXBuildFile; fileRef = 3EE769121A8F6B7B00400474 /* Images.xcassets */; };
		3EE769161A8F6B7B00400474 /* LaunchScreen.xib in Resources */ = {isa = PBXBuildFile; fileRef = 3EE769141A8F6B7B00400474 /* LaunchScreen.xib */; };
		3EE769221A8F6B7B00400474 /* Feb_14_ExampleUdacityTests.swift in Sources */ = {isa = PBXBuildFile; fileRef = 3EE769211A8F6B7B00400474 /* Feb_14_ExampleUdacityTests.swift */; };
/* End PBXBuildFile section */

/* Begin PBXContainerItemProxy section */
		3EE7691C1A8F6B7B00400474 /* PBXContainerItemProxy */ = {
			isa = PBXContainerItemProxy;
			containerPortal = 3EE768FE1A8F6B7B00400474 /* Project object */;
			proxyType = 1;
			remoteGlobalIDString = 3EE769051A8F6B7B00400474;
			remoteInfo = "Feb 14_ExampleUdacity";
		};
/* End PBXContainerItemProxy section */

/* Begin PBXFileReference section */
		3EE769061A8F6B7B00400474 /* Feb 14_ExampleUdacity.app */ = {isa = PBXFileReference; explicitFileType = wrapper.application; includeInIndex = 0; path = "Feb 14_ExampleUdacity.app"; sourceTree = BUILT_PRODUCTS_DIR; };
		3EE7690A1A8F6B7B00400474 /* Info.plist */ = {isa = PBXFileReference; lastKnownFileType = text.plist.xml; path = Info.plist; sourceTree = "<group>"; };
		3EE7690B1A8F6B7B00400474 /* AppDelegate.swift */ = {isa = PBXFileReference; lastKnownFileType = sourcecode.swift; path = AppDelegate.swift; sourceTree = "<group>"; };
		3EE7690D1A8F6B7B00400474 /* ViewController.swift */ = {isa = PBXFileReference; lastKnownFileType = sourcecode.swift; path = ViewController.swift; sourceTree = "<group>"; };
		3EE769101A8F6B7B00400474 /* Base */ = {isa = PBXFileReference; lastKnownFileType = file.storyboard; name = Base; path = Base.lproj/Main.storyboard; sourceTree = "<group>"; };
		3EE769121A8F6B7B00400474 /* Images.xcassets */ = {isa = PBXFileReference; lastKnownFileType = folder.assetcatalog; path = Images.xcassets; sourceTree = "<group>"; };
		3EE769151A8F6B7B00400474 /* Base */ = {isa = PBXFileReference; lastKnownFileType = file.xib; name = Base; path = Base.lproj/LaunchScreen.xib; sourceTree = "<group>"; };
		3EE7691B1A8F6B7B00400474 /* Feb 14_ExampleUdacityTests.xctest */ = {isa = PBXFileReference; explicitFileType = wrapper.cfbundle; includeInIndex = 0; path = "Feb 14_ExampleUdacityTests.xctest"; sourceTree = BUILT_PRODUCTS_DIR; };
		3EE769201A8F6B7B00400474 /* Info.plist */ = {isa = PBXFileReference; lastKnownFileType = text.plist.xml; path = Info.plist; sourceTree = "<group>"; };
		3EE769211A8F6B7B00400474 /* Feb_14_ExampleUdacityTests.swift */ = {isa = PBXFileReference; lastKnownFileType = sourcecode.swift; path = Feb_14_ExampleUdacityTests.swift; sourceTree = "<group>"; };
/* End PBXFileReference section */

/* Begin PBXFrameworksBuildPhase section */
		3EE769031A8F6B7B00400474 /* Frameworks */ = {
			isa = PBXFrameworksBuildPhase;
			buildActionMask = 2147483647;
			files = (
			);
			runOnlyForDeploymentPostprocessing = 0;
		};
		3EE769181A8F6B7B00400474 /* Frameworks */ = {
			isa = PBXFrameworksBuildPhase;
			buildActionMask = 2147483647;
			files = (
			);
			runOnlyForDeploymentPostprocessing = 0;
		};
/* End PBXFrameworksBuildPhase section */

/* Begin PBXGroup section */
		3EE768FD1A8F6B7B00400474 = {
			isa = PBXGroup;
			children = (
				3EE769081A8F6B7B00400474 /* Feb 14_ExampleUdacity */,
				3EE7691E1A8F6B7B00400474 /* Feb 14_ExampleUdacityTests */,
				3EE769071A8F6B7B00400474 /* Products */,
			);
			sourceTree = "<group>";
		};
		3EE769071A8F6B7B00400474 /* Products */ = {
			isa = PBXGroup;
			children = (
				3EE769061A8F6B7B00400474 /* Feb 14_ExampleUdacity.app */,
				3EE7691B1A8F6B7B00400474 /* Feb 14_ExampleUdacityTests.xctest */,
			);
			name = Products;
			sourceTree = "<group>";
		};
		3EE769081A8F6B7B00400474 /* Feb 14_ExampleUdacity */ = {
			isa = PBXGroup;
			children = (
				3EE7690B1A8F6B7B00400474 /* AppDelegate.swift */,
				3EE7690D1A8F6B7B00400474 /* ViewController.swift */,
				3EE7690F1A8F6B7B00400474 /* Main.storyboard */,
				3EE769121A8F6B7B00400474 /* Images.xcassets */,
				3EE769141A8F6B7B00400474 /* LaunchScreen.xib */,
				3EE769091A8F6B7B00400474 /* Supporting Files */,
			);
			path = "Feb 14_ExampleUdacity";
			sourceTree = "<group>";
		};
		3EE769091A8F6B7B00400474 /* Supporting Files */ = {
			isa = PBXGroup;
			children = (
				3EE7690A1A8F6B7B00400474 /* Info.plist */,
			);
			name = "Supporting Files";
			sourceTree = "<group>";
		};
		3EE7691E1A8F6B7B00400474 /* Feb 14_ExampleUdacityTests */ = {
			isa = PBXGroup;
			children = (
				3EE769211A8F6B7B00400474 /* Feb_14_ExampleUdacityTests.swift */,
				3EE7691F1A8F6B7B00400474 /* Supporting Files */,
			);
			path = "Feb 14_ExampleUdacityTests";
			sourceTree = "<group>";
		};
		3EE7691F1A8F6B7B00400474 /* Supporting Files */ = {
			isa = PBXGroup;
			children = (
				3EE769201A8F6B7B00400474 /* Info.plist */,
			);
			name = "Supporting Files";
			sourceTree = "<group>";
		};
/* End PBXGroup section */

/* Begin PBXNativeTarget section */
		3EE769051A8F6B7B00400474 /* Feb 14_ExampleUdacity */ = {
			isa = PBXNativeTarget;
			buildConfigurationList = 3EE769251A8F6B7B00400474 /* Build configuration list for PBXNativeTarget "Feb 14_ExampleUdacity" */;
			buildPhases = (
				3EE769021A8F6B7B00400474 /* Sources */,
				3EE769031A8F6B7B00400474 /* Frameworks */,
				3EE769041A8F6B7B00400474 /* Resources */,
			);
			buildRules = (
			);
			dependencies = (
			);
			name = "Feb 14_ExampleUdacity";
			productName = "Feb 14_ExampleUdacity";
			productReference = 3EE769061A8F6B7B00400474 /* Feb 14_ExampleUdacity.app */;
			productType = "com.apple.product-type.application";
		};
		3EE7691A1A8F6B7B00400474 /* Feb 14_ExampleUdacityTests */ = {
			isa = PBXNativeTarget;
			buildConfigurationList = 3EE769281A8F6B7B00400474 /* Build configuration list for PBXNativeTarget "Feb 14_ExampleUdacityTests" */;
			buildPhases = (
				3EE769171A8F6B7B00400474 /* Sources */,
				3EE769181A8F6B7B00400474 /* Frameworks */,
				3EE769191A8F6B7B00400474 /* Resources */,
			);
			buildRules = (
			);
			dependencies = (
				3EE7691D1A8F6B7B00400474 /* PBXTargetDependency */,
			);
			name = "Feb 14_ExampleUdacityTests";
			productName = "Feb 14_ExampleUdacityTests";
			productReference = 3EE7691B1A8F6B7B00400474 /* Feb 14_ExampleUdacityTests.xctest */;
			productType = "com.apple.product-type.bundle.unit-test";
		};
/* End PBXNativeTarget section */

/* Begin PBXProject section */
		3EE768FE1A8F6B7B00400474 /* Project object */ = {
			isa = PBXProject;
			attributes = {
				LastUpgradeCheck = 0610;
				ORGANIZATIONNAME = OIST;
				TargetAttributes = {
					3EE769051A8F6B7B00400474 = {
						CreatedOnToolsVersion = 6.1.1;
					};
					3EE7691A1A8F6B7B00400474 = {
						CreatedOnToolsVersion = 6.1.1;
						TestTargetID = 3EE769051A8F6B7B00400474;
					};
				};
			};
			buildConfigurationList = 3EE769011A8F6B7B00400474 /* Build configuration list for PBXProject "Feb 14_ExampleUdacity" */;
			compatibilityVersion = "Xcode 3.2";
			developmentRegion = English;
			hasScannedForEncodings = 0;
			knownRegions = (
				en,
				Base,
			);
			mainGroup = 3EE768FD1A8F6B7B00400474;
			productRefGroup = 3EE769071A8F6B7B00400474 /* Products */;
			projectDirPath = "";
			projectRoot = "";
			targets = (
				3EE769051A8F6B7B00400474 /* Feb 14_ExampleUdacity */,
				3EE7691A1A8F6B7B00400474 /* Feb 14_ExampleUdacityTests */,
			);
		};
/* End PBXProject section */

/* Begin PBXResourcesBuildPhase section */
		3EE769041A8F6B7B00400474 /* Resources */ = {
			isa = PBXResourcesBuildPhase;
			buildActionMask = 2147483647;
			files = (
				3EE769111A8F6B7B00400474 /* Main.storyboard in Resources */,
				3EE769161A8F6B7B00400474 /* LaunchScreen.xib in Resources */,
				3EE769131A8F6B7B00400474 /* Images.xcassets in Resources */,
			);
			runOnlyForDeploymentPostprocessing = 0;
		};
		3EE769191A8F6B7B00400474 /* Resources */ = {
			isa = PBXResourcesBuildPhase;
			buildActionMask = 2147483647;
			files = (
			);
			runOnlyForDeploymentPostprocessing = 0;
		};
/* End PBXResourcesBuildPhase section */

/* Begin PBXSourcesBuildPhase section */
		3EE769021A8F6B7B00400474 /* Sources */ = {
			isa = PBXSourcesBuildPhase;
			buildActionMask = 2147483647;
			files = (
				3EE7690E1A8F6B7B00400474 /* ViewController.swift in Sources */,
				3EE7690C1A8F6B7B00400474 /* AppDelegate.swift in Sources */,
			);
			runOnlyForDeploymentPostprocessing = 0;
		};
		3EE769171A8F6B7B00400474 /* Sources */ = {
			isa = PBXSourcesBuildPhase;
			buildActionMask = 2147483647;
			files = (
				3EE769221A8F6B7B00400474 /* Feb_14_ExampleUdacityTests.swift in Sources */,
			);
			runOnlyForDeploymentPostprocessing = 0;
		};
/* End PBXSourcesBuildPhase section */

/* Begin PBXTargetDependency section */
		3EE7691D1A8F6B7B00400474 /* PBXTargetDependency */ = {
			isa = PBXTargetDependency;
			target = 3EE769051A8F6B7B00400474 /* Feb 14_ExampleUdacity */;
			targetProxy = 3EE7691C1A8F6B7B00400474 /* PBXContainerItemProxy */;
		};
/* End PBXTargetDependency section */

/* Begin PBXVariantGroup section */
		3EE7690F1A8F6B7B00400474 /* Main.storyboard */ = {
			isa = PBXVariantGroup;
			children = (
				3EE769101A8F6B7B00400474 /* Base */,
			);
			name = Main.storyboard;
			sourceTree = "<group>";
		};
		3EE769141A8F6B7B00400474 /* LaunchScreen.xib */ = {
			isa = PBXVariantGroup;
			children = (
				3EE769151A8F6B7B00400474 /* Base */,
			);
			name = LaunchScreen.xib;
			sourceTree = "<group>";
		};
/* End PBXVariantGroup section */

/* Begin XCBuildConfiguration section */
		3EE769231A8F6B7B00400474 /* Debug */ = {
			isa = XCBuildConfiguration;
			buildSettings = {
				ALWAYS_SEARCH_USER_PATHS = NO;
				CLANG_CXX_LANGUAGE_STANDARD = "gnu++0x";
				CLANG_CXX_LIBRARY = "libc++";
				CLANG_ENABLE_MODULES = YES;
				CLANG_ENABLE_OBJC_ARC = YES;
				CLANG_WARN_BOOL_CONVERSION = YES;
				CLANG_WARN_CONSTANT_CONVERSION = YES;
				CLANG_WARN_DIRECT_OBJC_ISA_USAGE = YES_ERROR;
				CLANG_WARN_EMPTY_BODY = YES;
				CLANG_WARN_ENUM_CONVERSION = YES;
				CLANG_WARN_INT_CONVERSION = YES;
				CLANG_WARN_OBJC_ROOT_CLASS = YES_ERROR;
				CLANG_WARN_UNREACHABLE_CODE = YES;
				CLANG_WARN__DUPLICATE_METHOD_MATCH = YES;
				"CODE_SIGN_IDENTITY[sdk=iphoneos*]" = "iPhone Developer";
				COPY_PHASE_STRIP = NO;
				ENABLE_STRICT_OBJC_MSGSEND = YES;
				GCC_C_LANGUAGE_STANDARD = gnu99;
				GCC_DYNAMIC_NO_PIC = NO;
				GCC_OPTIMIZATION_LEVEL = 0;
				GCC_PREPROCESSOR_DEFINITIONS = (
					"DEBUG=1",
					"$(inherited)",
				);
				GCC_SYMBOLS_PRIVATE_EXTERN = NO;
				GCC_WARN_64_TO_32_BIT_CONVERSION = YES;
				GCC_WARN_ABOUT_RETURN_TYPE = YES_ERROR;
				GCC_WARN_UNDECLARED_SELECTOR = YES;
				GCC_WARN_UNINITIALIZED_AUTOS = YES_AGGRESSIVE;
				GCC_WARN_UNUSED_FUNCTION = YES;
				GCC_WARN_UNUSED_VARIABLE = YES;
				IPHONEOS_DEPLOYMENT_TARGET = 8.1;
				MTL_ENABLE_DEBUG_INFO = YES;
				ONLY_ACTIVE_ARCH = YES;
				SDKROOT = iphoneos;
				SWIFT_OPTIMIZATION_LEVEL = "-Onone";
			};
			name = Debug;
		};
		3EE769241A8F6B7B00400474 /* Release */ = {
			isa = XCBuildConfiguration;
			buildSettings = {
				ALWAYS_SEARCH_USER_PATHS = NO;
				CLANG_CXX_LANGUAGE_STANDARD = "gnu++0x";
				CLANG_CXX_LIBRARY = "libc++";
				CLANG_ENABLE_MODULES = YES;
				CLANG_ENABLE_OBJC_ARC = YES;
				CLANG_WARN_BOOL_CONVERSION = YES;
				CLANG_WARN_CONSTANT_CONVERSION = YES;
				CLANG_WARN_DIRECT_OBJC_ISA_USAGE = YES_ERROR;
				CLANG_WARN_EMPTY_BODY = YES;
				CLANG_WARN_ENUM_CONVERSION = YES;
				CLANG_WARN_INT_CONVERSION = YES;
				CLANG_WARN_OBJC_ROOT_CLASS = YES_ERROR;
				CLANG_WARN_UNREACHABLE_CODE = YES;
				CLANG_WARN__DUPLICATE_METHOD_MATCH = YES;
				"CODE_SIGN_IDENTITY[sdk=iphoneos*]" = "iPhone Developer";
				COPY_PHASE_STRIP = YES;
				ENABLE_NS_ASSERTIONS = NO;
				ENABLE_STRICT_OBJC_MSGSEND = YES;
				GCC_C_LANGUAGE_STANDARD = gnu99;
				GCC_WARN_64_TO_32_BIT_CONVERSION = YES;
				GCC_WARN_ABOUT_RETURN_TYPE = YES_ERROR;
				GCC_WARN_UNDECLARED_SELECTOR = YES;
				GCC_WARN_UNINITIALIZED_AUTOS = YES_AGGRESSIVE;
				GCC_WARN_UNUSED_FUNCTION = YES;
				GCC_WARN_UNUSED_VARIABLE = YES;
				IPHONEOS_DEPLOYMENT_TARGET = 8.1;
				MTL_ENABLE_DEBUG_INFO = NO;
				SDKROOT = iphoneos;
				VALIDATE_PRODUCT = YES;
			};
			name = Release;
		};
		3EE769261A8F6B7B00400474 /* Debug */ = {
			isa = XCBuildConfiguration;
			buildSettings = {
				ASSETCATALOG_COMPILER_APPICON_NAME = AppIcon;
				INFOPLIST_FILE = "Feb 14_ExampleUdacity/Info.plist";
				LD_RUNPATH_SEARCH_PATHS = "$(inherited) @executable_path/Frameworks";
				PRODUCT_NAME = "$(TARGET_NAME)";
			};
			name = Debug;
		};
		3EE769271A8F6B7B00400474 /* Release */ = {
			isa = XCBuildConfiguration;
			buildSettings = {
				ASSETCATALOG_COMPILER_APPICON_NAME = AppIcon;
				INFOPLIST_FILE = "Feb 14_ExampleUdacity/Info.plist";
				LD_RUNPATH_SEARCH_PATHS = "$(inherited) @executable_path/Frameworks";
				PRODUCT_NAME = "$(TARGET_NAME)";
			};
			name = Release;
		};
		3EE769291A8F6B7B00400474 /* Debug */ = {
			isa = XCBuildConfiguration;
			buildSettings = {
				BUNDLE_LOADER = "$(TEST_HOST)";
				FRAMEWORK_SEARCH_PATHS = (
					"$(SDKROOT)/Developer/Library/Frameworks",
					"$(inherited)",
				);
				GCC_PREPROCESSOR_DEFINITIONS = (
					"DEBUG=1",
					"$(inherited)",
				);
				INFOPLIST_FILE = "Feb 14_ExampleUdacityTests/Info.plist";
				LD_RUNPATH_SEARCH_PATHS = "$(inherited) @executable_path/Frameworks @loader_path/Frameworks";
				PRODUCT_NAME = "$(TARGET_NAME)";
				TEST_HOST = "$(BUILT_PRODUCTS_DIR)/Feb 14_ExampleUdacity.app/Feb 14_ExampleUdacity";
			};
			name = Debug;
		};
		3EE7692A1A8F6B7B00400474 /* Release */ = {
			isa = XCBuildConfiguration;
			buildSettings = {
				BUNDLE_LOADER = "$(TEST_HOST)";
				FRAMEWORK_SEARCH_PATHS = (
					"$(SDKROOT)/Developer/Library/Frameworks",
					"$(inherited)",
				);
				INFOPLIST_FILE = "Feb 14_ExampleUdacityTests/Info.plist";
				LD_RUNPATH_SEARCH_PATHS = "$(inherited) @executable_path/Frameworks @loader_path/Frameworks";
				PRODUCT_NAME = "$(TARGET_NAME)";
				TEST_HOST = "$(BUILT_PRODUCTS_DIR)/Feb 14_ExampleUdacity.app/Feb 14_ExampleUdacity";
			};
			name = Release;
		};
/* End XCBuildConfiguration section */

/* Begin XCConfigurationList section */
		3EE769011A8F6B7B00400474 /* Build configuration list for PBXProject "Feb 14_ExampleUdacity" */ = {
			isa = XCConfigurationList;
			buildConfigurations = (
				3EE769231A8F6B7B00400474 /* Debug */,
				3EE769241A8F6B7B00400474 /* Release */,
			);
			defaultConfigurationIsVisible = 0;
			defaultConfigurationName = Release;
		};
		3EE769251A8F6B7B00400474 /* Build configuration list for PBXNativeTarget "Feb 14_ExampleUdacity" */ = {
			isa = XCConfigurationList;
			buildConfigurations = (
				3EE769261A8F6B7B00400474 /* Debug */,
				3EE769271A8F6B7B00400474 /* Release */,
			);
			defaultConfigurationIsVisible = 0;
		};
		3EE769281A8F6B7B00400474 /* Build configuration list for PBXNativeTarget "Feb 14_ExampleUdacityTests" */ = {
			isa = XCConfigurationList;
			buildConfigurations = (
				3EE769291A8F6B7B00400474 /* Debug */,
				3EE7692A1A8F6B7B00400474 /* Release */,
			);
			defaultConfigurationIsVisible = 0;
		};
/* End XCConfigurationList section */
	};
	rootObject = 3EE768FE1A8F6B7B00400474 /* Project object */;
}
